// !$*UTF8*$!
{
	archiveVersion = 1;
	classes = {
	};
	objectVersion = 77;
	objects = {

/* Begin PBXBuildFile section */
		B35F7BC72E01D65200109F00 /* platforms.json in Resources */ = {isa = PBXBuildFile; fileRef = B35F7BC62E01D65200109F00 /* platforms.json */; };
		B364B1412DD8C2FC0047C86E /* WidgetKit.framework in Frameworks */ = {isa = PBXBuildFile; fileRef = B3D1C1E62DCC299400550A53 /* WidgetKit.framework */; };
		B364B1422DD8C2FC0047C86E /* SwiftUI.framework in Frameworks */ = {isa = PBXBuildFile; fileRef = B3D1C1E82DCC299400550A53 /* SwiftUI.framework */; };
		B364B1532DD8C2FE0047C86E /* FiveCoinWidgetExtension.appex in Embed Foundation Extensions */ = {isa = PBXBuildFile; fileRef = B364B1402DD8C2FC0047C86E /* FiveCoinWidgetExtension.appex */; settings = {ATTRIBUTES = (RemoveHeadersOnCopy, ); }; };
/* End PBXBuildFile section */

/* Begin PBXContainerItemProxy section */
		B32E6D192DC9030C00A3D823 /* PBXContainerItemProxy */ = {
			isa = PBXContainerItemProxy;
			containerPortal = B32E6D002DC9030B00A3D823 /* Project object */;
			proxyType = 1;
			remoteGlobalIDString = B32E6D072DC9030B00A3D823;
			remoteInfo = FiveCoin;
		};
		B32E6D232DC9030C00A3D823 /* PBXContainerItemProxy */ = {
			isa = PBXContainerItemProxy;
			containerPortal = B32E6D002DC9030B00A3D823 /* Project object */;
			proxyType = 1;
			remoteGlobalIDString = B32E6D072DC9030B00A3D823;
			remoteInfo = FiveCoin;
		};
		B364B1512DD8C2FE0047C86E /* PBXContainerItemProxy */ = {
			isa = PBXContainerItemProxy;
			containerPortal = B32E6D002DC9030B00A3D823 /* Project object */;
			proxyType = 1;
			remoteGlobalIDString = B364B13F2DD8C2FC0047C86E;
			remoteInfo = FiveCoinWidgetExtension;
		};
/* End PBXContainerItemProxy section */

/* Begin PBXCopyFilesBuildPhase section */
		B3D1C1FF2DCC299500550A53 /* Embed Foundation Extensions */ = {
			isa = PBXCopyFilesBuildPhase;
			buildActionMask = 2147483647;
			dstPath = "";
			dstSubfolderSpec = 13;
			files = (
				B364B1532DD8C2FE0047C86E /* FiveCoinWidgetExtension.appex in Embed Foundation Extensions */,
			);
			name = "Embed Foundation Extensions";
			runOnlyForDeploymentPostprocessing = 0;
		};
/* End PBXCopyFilesBuildPhase section */

/* Begin PBXFileReference section */
		B32E6D082DC9030B00A3D823 /* FiveCoin.app */ = {isa = PBXFileReference; explicitFileType = wrapper.application; includeInIndex = 0; path = FiveCoin.app; sourceTree = BUILT_PRODUCTS_DIR; };
		B32E6D182DC9030C00A3D823 /* FiveCoinTests.xctest */ = {isa = PBXFileReference; explicitFileType = wrapper.cfbundle; includeInIndex = 0; path = FiveCoinTests.xctest; sourceTree = BUILT_PRODUCTS_DIR; };
		B32E6D222DC9030C00A3D823 /* FiveCoinUITests.xctest */ = {isa = PBXFileReference; explicitFileType = wrapper.cfbundle; includeInIndex = 0; path = FiveCoinUITests.xctest; sourceTree = BUILT_PRODUCTS_DIR; };
		B35F7BC62E01D65200109F00 /* platforms.json */ = {isa = PBXFileReference; lastKnownFileType = text.json; path = platforms.json; sourceTree = "<group>"; };
		B364B1402DD8C2FC0047C86E /* FiveCoinWidgetExtension.appex */ = {isa = PBXFileReference; explicitFileType = "wrapper.app-extension"; includeInIndex = 0; path = FiveCoinWidgetExtension.appex; sourceTree = BUILT_PRODUCTS_DIR; };
		B38165CA2DDCC963003C619B /* FiveCoinWidgetExtension.entitlements */ = {isa = PBXFileReference; lastKnownFileType = text.plist.entitlements; path = FiveCoinWidgetExtension.entitlements; sourceTree = "<group>"; };
		B3D1C1E62DCC299400550A53 /* WidgetKit.framework */ = {isa = PBXFileReference; lastKnownFileType = wrapper.framework; name = WidgetKit.framework; path = System/Library/Frameworks/WidgetKit.framework; sourceTree = SDKROOT; };
		B3D1C1E82DCC299400550A53 /* SwiftUI.framework */ = {isa = PBXFileReference; lastKnownFileType = wrapper.framework; name = SwiftUI.framework; path = System/Library/Frameworks/SwiftUI.framework; sourceTree = SDKROOT; };
/* End PBXFileReference section */

/* Begin PBXFileSystemSynchronizedBuildFileExceptionSet section */
		B33E532A2DDCD5B90031A4F4 /* Exceptions for "FiveCoinWidget" folder in "FiveCoin" target */ = {
			isa = PBXFileSystemSynchronizedBuildFileExceptionSet;
			membershipExceptions = (
				FiveCoinWidget.swift,
			);
			target = B32E6D072DC9030B00A3D823 /* FiveCoin */;
		};
		B364B1542DD8C2FE0047C86E /* Exceptions for "FiveCoinWidget" folder in "FiveCoinWidgetExtension" target */ = {
			isa = PBXFileSystemSynchronizedBuildFileExceptionSet;
			membershipExceptions = (
				Info.plist,
			);
			target = B364B13F2DD8C2FC0047C86E /* FiveCoinWidgetExtension */;
		};
		B364B1592DD8C5BC0047C86E /* Exceptions for "FiveCoin" folder in "FiveCoinWidgetExtension" target */ = {
			isa = PBXFileSystemSynchronizedBuildFileExceptionSet;
			membershipExceptions = (
				Extension/Extensions.swift,
				Models/Coin.swift,
				Models/DexScreenerData.swift,
				Models/Order.swift,
				Models/SelectedItem.swift,
				ViewModels/CoinViewModel.swift,
				ViewModels/CombinedViewModel.swift,
				ViewModels/OrderViewModel.swift,
			);
			target = B364B13F2DD8C2FC0047C86E /* FiveCoinWidgetExtension */;
		};
/* End PBXFileSystemSynchronizedBuildFileExceptionSet section */

/* Begin PBXFileSystemSynchronizedGroupBuildPhaseMembershipExceptionSet section */
		B364B13B2DD8C1D30047C86E /* Exceptions for "FiveCoin" folder in "Copy Bundle Resources" phase from "FiveCoin" target */ = {
			isa = PBXFileSystemSynchronizedGroupBuildPhaseMembershipExceptionSet;
			buildPhase = B32E6D062DC9030B00A3D823 /* Resources */;
			membershipExceptions = (
				FiveCoin.entitlements,
			);
		};
/* End PBXFileSystemSynchronizedGroupBuildPhaseMembershipExceptionSet section */

/* Begin PBXFileSystemSynchronizedRootGroup section */
		B32E6D0A2DC9030B00A3D823 /* FiveCoin */ = {
			isa = PBXFileSystemSynchronizedRootGroup;
			exceptions = (
				B364B13B2DD8C1D30047C86E /* Exceptions for "FiveCoin" folder in "Copy Bundle Resources" phase from "FiveCoin" target */,
				B364B1592DD8C5BC0047C86E /* Exceptions for "FiveCoin" folder in "FiveCoinWidgetExtension" target */,
			);
			path = FiveCoin;
			sourceTree = "<group>";
		};
		B32E6D1B2DC9030C00A3D823 /* FiveCoinTests */ = {
			isa = PBXFileSystemSynchronizedRootGroup;
			path = FiveCoinTests;
			sourceTree = "<group>";
		};
		B32E6D252DC9030C00A3D823 /* FiveCoinUITests */ = {
			isa = PBXFileSystemSynchronizedRootGroup;
			path = FiveCoinUITests;
			sourceTree = "<group>";
		};
		B364B1432DD8C2FC0047C86E /* FiveCoinWidget */ = {
			isa = PBXFileSystemSynchronizedRootGroup;
			exceptions = (
				B33E532A2DDCD5B90031A4F4 /* Exceptions for "FiveCoinWidget" folder in "FiveCoin" target */,
				B364B1542DD8C2FE0047C86E /* Exceptions for "FiveCoinWidget" folder in "FiveCoinWidgetExtension" target */,
			);
			path = FiveCoinWidget;
			sourceTree = "<group>";
		};
/* End PBXFileSystemSynchronizedRootGroup section */

/* Begin PBXFrameworksBuildPhase section */
		B32E6D052DC9030B00A3D823 /* Frameworks */ = {
			isa = PBXFrameworksBuildPhase;
			buildActionMask = 2147483647;
			files = (
			);
			runOnlyForDeploymentPostprocessing = 0;
		};
		B32E6D152DC9030C00A3D823 /* Frameworks */ = {
			isa = PBXFrameworksBuildPhase;
			buildActionMask = 2147483647;
			files = (
			);
			runOnlyForDeploymentPostprocessing = 0;
		};
		B32E6D1F2DC9030C00A3D823 /* Frameworks */ = {
			isa = PBXFrameworksBuildPhase;
			buildActionMask = 2147483647;
			files = (
			);
			runOnlyForDeploymentPostprocessing = 0;
		};
		B364B13D2DD8C2FC0047C86E /* Frameworks */ = {
			isa = PBXFrameworksBuildPhase;
			buildActionMask = 2147483647;
			files = (
				B364B1422DD8C2FC0047C86E /* SwiftUI.framework in Frameworks */,
				B364B1412DD8C2FC0047C86E /* WidgetKit.framework in Frameworks */,
			);
			runOnlyForDeploymentPostprocessing = 0;
		};
/* End PBXFrameworksBuildPhase section */

/* Begin PBXGroup section */
		B32E6CFF2DC9030B00A3D823 = {
			isa = PBXGroup;
			children = (
				B38165CA2DDCC963003C619B /* FiveCoinWidgetExtension.entitlements */,
				B32E6D0A2DC9030B00A3D823 /* FiveCoin */,
				B32E6D1B2DC9030C00A3D823 /* FiveCoinTests */,
				B32E6D252DC9030C00A3D823 /* FiveCoinUITests */,
				B364B1432DD8C2FC0047C86E /* FiveCoinWidget */,
				B35F7BC62E01D65200109F00 /* platforms.json */,
				B3D1C1E52DCC299400550A53 /* Frameworks */,
				B32E6D092DC9030B00A3D823 /* Products */,
			);
			sourceTree = "<group>";
		};
		B32E6D092DC9030B00A3D823 /* Products */ = {
			isa = PBXGroup;
			children = (
				B32E6D082DC9030B00A3D823 /* FiveCoin.app */,
				B32E6D182DC9030C00A3D823 /* FiveCoinTests.xctest */,
				B32E6D222DC9030C00A3D823 /* FiveCoinUITests.xctest */,
				B364B1402DD8C2FC0047C86E /* FiveCoinWidgetExtension.appex */,
			);
			name = Products;
			sourceTree = "<group>";
		};
		B3D1C1E52DCC299400550A53 /* Frameworks */ = {
			isa = PBXGroup;
			children = (
				B3D1C1E62DCC299400550A53 /* WidgetKit.framework */,
				B3D1C1E82DCC299400550A53 /* SwiftUI.framework */,
			);
			name = Frameworks;
			sourceTree = "<group>";
		};
/* End PBXGroup section */

/* Begin PBXNativeTarget section */
		B32E6D072DC9030B00A3D823 /* FiveCoin */ = {
			isa = PBXNativeTarget;
			buildConfigurationList = B32E6D2C2DC9030C00A3D823 /* Build configuration list for PBXNativeTarget "FiveCoin" */;
			buildPhases = (
				B32E6D042DC9030B00A3D823 /* Sources */,
				B32E6D052DC9030B00A3D823 /* Frameworks */,
				B32E6D062DC9030B00A3D823 /* Resources */,
				B3D1C1FF2DCC299500550A53 /* Embed Foundation Extensions */,
			);
			buildRules = (
			);
			dependencies = (
				B364B1522DD8C2FE0047C86E /* PBXTargetDependency */,
			);
			fileSystemSynchronizedGroups = (
				B32E6D0A2DC9030B00A3D823 /* FiveCoin */,
			);
			name = FiveCoin;
			packageProductDependencies = (
			);
			productName = FiveCoin;
			productReference = B32E6D082DC9030B00A3D823 /* FiveCoin.app */;
			productType = "com.apple.product-type.application";
		};
		B32E6D172DC9030C00A3D823 /* FiveCoinTests */ = {
			isa = PBXNativeTarget;
			buildConfigurationList = B32E6D2F2DC9030C00A3D823 /* Build configuration list for PBXNativeTarget "FiveCoinTests" */;
			buildPhases = (
				B32E6D142DC9030C00A3D823 /* Sources */,
				B32E6D152DC9030C00A3D823 /* Frameworks */,
				B32E6D162DC9030C00A3D823 /* Resources */,
			);
			buildRules = (
			);
			dependencies = (
				B32E6D1A2DC9030C00A3D823 /* PBXTargetDependency */,
			);
			fileSystemSynchronizedGroups = (
				B32E6D1B2DC9030C00A3D823 /* FiveCoinTests */,
			);
			name = FiveCoinTests;
			packageProductDependencies = (
			);
			productName = FiveCoinTests;
			productReference = B32E6D182DC9030C00A3D823 /* FiveCoinTests.xctest */;
			productType = "com.apple.product-type.bundle.unit-test";
		};
		B32E6D212DC9030C00A3D823 /* FiveCoinUITests */ = {
			isa = PBXNativeTarget;
			buildConfigurationList = B32E6D322DC9030C00A3D823 /* Build configuration list for PBXNativeTarget "FiveCoinUITests" */;
			buildPhases = (
				B32E6D1E2DC9030C00A3D823 /* Sources */,
				B32E6D1F2DC9030C00A3D823 /* Frameworks */,
				B32E6D202DC9030C00A3D823 /* Resources */,
			);
			buildRules = (
			);
			dependencies = (
				B32E6D242DC9030C00A3D823 /* PBXTargetDependency */,
			);
			fileSystemSynchronizedGroups = (
				B32E6D252DC9030C00A3D823 /* FiveCoinUITests */,
			);
			name = FiveCoinUITests;
			packageProductDependencies = (
			);
			productName = FiveCoinUITests;
			productReference = B32E6D222DC9030C00A3D823 /* FiveCoinUITests.xctest */;
			productType = "com.apple.product-type.bundle.ui-testing";
		};
		B364B13F2DD8C2FC0047C86E /* FiveCoinWidgetExtension */ = {
			isa = PBXNativeTarget;
			buildConfigurationList = B364B1552DD8C2FE0047C86E /* Build configuration list for PBXNativeTarget "FiveCoinWidgetExtension" */;
			buildPhases = (
				B364B13C2DD8C2FC0047C86E /* Sources */,
				B364B13D2DD8C2FC0047C86E /* Frameworks */,
				B364B13E2DD8C2FC0047C86E /* Resources */,
			);
			buildRules = (
			);
			dependencies = (
			);
			fileSystemSynchronizedGroups = (
				B364B1432DD8C2FC0047C86E /* FiveCoinWidget */,
			);
			name = FiveCoinWidgetExtension;
			packageProductDependencies = (
			);
			productName = FiveCoinWidgetExtension;
			productReference = B364B1402DD8C2FC0047C86E /* FiveCoinWidgetExtension.appex */;
			productType = "com.apple.product-type.app-extension";
		};
/* End PBXNativeTarget section */

/* Begin PBXProject section */
		B32E6D002DC9030B00A3D823 /* Project object */ = {
			isa = PBXProject;
			attributes = {
				BuildIndependentTargetsInParallel = 1;
				LastSwiftUpdateCheck = 1620;
				LastUpgradeCheck = 1620;
				TargetAttributes = {
					B32E6D072DC9030B00A3D823 = {
						CreatedOnToolsVersion = 16.2;
					};
					B32E6D172DC9030C00A3D823 = {
						CreatedOnToolsVersion = 16.2;
						TestTargetID = B32E6D072DC9030B00A3D823;
					};
					B32E6D212DC9030C00A3D823 = {
						CreatedOnToolsVersion = 16.2;
						TestTargetID = B32E6D072DC9030B00A3D823;
					};
					B364B13F2DD8C2FC0047C86E = {
						CreatedOnToolsVersion = 16.2;
					};
				};
			};
			buildConfigurationList = B32E6D032DC9030B00A3D823 /* Build configuration list for PBXProject "FiveCoin" */;
			developmentRegion = en;
			hasScannedForEncodings = 0;
			knownRegions = (
				en,
				Base,
			);
			mainGroup = B32E6CFF2DC9030B00A3D823;
			minimizedProjectReferenceProxies = 1;
			preferredProjectObjectVersion = 77;
			productRefGroup = B32E6D092DC9030B00A3D823 /* Products */;
			projectDirPath = "";
			projectRoot = "";
			targets = (
				B32E6D072DC9030B00A3D823 /* FiveCoin */,
				B32E6D172DC9030C00A3D823 /* FiveCoinTests */,
				B32E6D212DC9030C00A3D823 /* FiveCoinUITests */,
				B364B13F2DD8C2FC0047C86E /* FiveCoinWidgetExtension */,
			);
		};
/* End PBXProject section */

/* Begin PBXResourcesBuildPhase section */
		B32E6D062DC9030B00A3D823 /* Resources */ = {
			isa = PBXResourcesBuildPhase;
			buildActionMask = 2147483647;
			files = (
				B35F7BC72E01D65200109F00 /* platforms.json in Resources */,
			);
			runOnlyForDeploymentPostprocessing = 0;
		};
		B32E6D162DC9030C00A3D823 /* Resources */ = {
			isa = PBXResourcesBuildPhase;
			buildActionMask = 2147483647;
			files = (
			);
			runOnlyForDeploymentPostprocessing = 0;
		};
		B32E6D202DC9030C00A3D823 /* Resources */ = {
			isa = PBXResourcesBuildPhase;
			buildActionMask = 2147483647;
			files = (
			);
			runOnlyForDeploymentPostprocessing = 0;
		};
		B364B13E2DD8C2FC0047C86E /* Resources */ = {
			isa = PBXResourcesBuildPhase;
			buildActionMask = 2147483647;
			files = (
			);
			runOnlyForDeploymentPostprocessing = 0;
		};
/* End PBXResourcesBuildPhase section */

/* Begin PBXSourcesBuildPhase section */
		B32E6D042DC9030B00A3D823 /* Sources */ = {
			isa = PBXSourcesBuildPhase;
			buildActionMask = 2147483647;
			files = (
			);
			runOnlyForDeploymentPostprocessing = 0;
		};
		B32E6D142DC9030C00A3D823 /* Sources */ = {
			isa = PBXSourcesBuildPhase;
			buildActionMask = 2147483647;
			files = (
			);
			runOnlyForDeploymentPostprocessing = 0;
		};
		B32E6D1E2DC9030C00A3D823 /* Sources */ = {
			isa = PBXSourcesBuildPhase;
			buildActionMask = 2147483647;
			files = (
			);
			runOnlyForDeploymentPostprocessing = 0;
		};
		B364B13C2DD8C2FC0047C86E /* Sources */ = {
			isa = PBXSourcesBuildPhase;
			buildActionMask = 2147483647;
			files = (
			);
			runOnlyForDeploymentPostprocessing = 0;
		};
/* End PBXSourcesBuildPhase section */

/* Begin PBXTargetDependency section */
		B32E6D1A2DC9030C00A3D823 /* PBXTargetDependency */ = {
			isa = PBXTargetDependency;
			target = B32E6D072DC9030B00A3D823 /* FiveCoin */;
			targetProxy = B32E6D192DC9030C00A3D823 /* PBXContainerItemProxy */;
		};
		B32E6D242DC9030C00A3D823 /* PBXTargetDependency */ = {
			isa = PBXTargetDependency;
			target = B32E6D072DC9030B00A3D823 /* FiveCoin */;
			targetProxy = B32E6D232DC9030C00A3D823 /* PBXContainerItemProxy */;
		};
		B364B1522DD8C2FE0047C86E /* PBXTargetDependency */ = {
			isa = PBXTargetDependency;
			target = B364B13F2DD8C2FC0047C86E /* FiveCoinWidgetExtension */;
			targetProxy = B364B1512DD8C2FE0047C86E /* PBXContainerItemProxy */;
		};
/* End PBXTargetDependency section */

/* Begin XCBuildConfiguration section */
		B32E6D2A2DC9030C00A3D823 /* Debug */ = {
			isa = XCBuildConfiguration;
			buildSettings = {
				ALWAYS_SEARCH_USER_PATHS = NO;
				APPLICATION_EXTENSION_API_ONLY = YES;
				ASSETCATALOG_COMPILER_GENERATE_SWIFT_ASSET_SYMBOL_EXTENSIONS = YES;
				CLANG_ANALYZER_NONNULL = YES;
				CLANG_ANALYZER_NUMBER_OBJECT_CONVERSION = YES_AGGRESSIVE;
				CLANG_CXX_LANGUAGE_STANDARD = "gnu++20";
				CLANG_ENABLE_MODULES = YES;
				CLANG_ENABLE_OBJC_ARC = YES;
				CLANG_ENABLE_OBJC_WEAK = YES;
				CLANG_WARN_BLOCK_CAPTURE_AUTORELEASING = YES;
				CLANG_WARN_BOOL_CONVERSION = YES;
				CLANG_WARN_COMMA = YES;
				CLANG_WARN_CONSTANT_CONVERSION = YES;
				CLANG_WARN_DEPRECATED_OBJC_IMPLEMENTATIONS = YES;
				CLANG_WARN_DIRECT_OBJC_ISA_USAGE = YES_ERROR;
				CLANG_WARN_DOCUMENTATION_COMMENTS = YES;
				CLANG_WARN_EMPTY_BODY = YES;
				CLANG_WARN_ENUM_CONVERSION = YES;
				CLANG_WARN_INFINITE_RECURSION = YES;
				CLANG_WARN_INT_CONVERSION = YES;
				CLANG_WARN_NON_LITERAL_NULL_CONVERSION = YES;
				CLANG_WARN_OBJC_IMPLICIT_RETAIN_SELF = YES;
				CLANG_WARN_OBJC_LITERAL_CONVERSION = YES;
				CLANG_WARN_OBJC_ROOT_CLASS = YES_ERROR;
				CLANG_WARN_QUOTED_INCLUDE_IN_FRAMEWORK_HEADER = YES;
				CLANG_WARN_RANGE_LOOP_ANALYSIS = YES;
				CLANG_WARN_STRICT_PROTOTYPES = YES;
				CLANG_WARN_SUSPICIOUS_MOVE = YES;
				CLANG_WARN_UNGUARDED_AVAILABILITY = YES_AGGRESSIVE;
				CLANG_WARN_UNREACHABLE_CODE = YES;
				CLANG_WARN__DUPLICATE_METHOD_MATCH = YES;
				COPY_PHASE_STRIP = NO;
				DEBUG_INFORMATION_FORMAT = dwarf;
				ENABLE_STRICT_OBJC_MSGSEND = YES;
				ENABLE_TESTABILITY = YES;
				ENABLE_USER_SCRIPT_SANDBOXING = YES;
				GCC_C_LANGUAGE_STANDARD = gnu17;
				GCC_DYNAMIC_NO_PIC = NO;
				GCC_NO_COMMON_BLOCKS = YES;
				GCC_OPTIMIZATION_LEVEL = 0;
				GCC_PREPROCESSOR_DEFINITIONS = (
					"DEBUG=1",
					"$(inherited)",
				);
				GCC_WARN_64_TO_32_BIT_CONVERSION = YES;
				GCC_WARN_ABOUT_RETURN_TYPE = YES_ERROR;
				GCC_WARN_UNDECLARED_SELECTOR = YES;
				GCC_WARN_UNINITIALIZED_AUTOS = YES_AGGRESSIVE;
				GCC_WARN_UNUSED_FUNCTION = YES;
				GCC_WARN_UNUSED_VARIABLE = YES;
				IPHONEOS_DEPLOYMENT_TARGET = 18.2;
				LOCALIZATION_PREFERS_STRING_CATALOGS = YES;
				MTL_ENABLE_DEBUG_INFO = INCLUDE_SOURCE;
				MTL_FAST_MATH = YES;
				ONLY_ACTIVE_ARCH = YES;
				SDKROOT = iphoneos;
				SWIFT_ACTIVE_COMPILATION_CONDITIONS = "DEBUG $(inherited)";
				SWIFT_OPTIMIZATION_LEVEL = "-Onone";
			};
			name = Debug;
		};
		B32E6D2B2DC9030C00A3D823 /* Release */ = {
			isa = XCBuildConfiguration;
			buildSettings = {
				ALWAYS_SEARCH_USER_PATHS = NO;
				APPLICATION_EXTENSION_API_ONLY = YES;
				ASSETCATALOG_COMPILER_GENERATE_SWIFT_ASSET_SYMBOL_EXTENSIONS = YES;
				CLANG_ANALYZER_NONNULL = YES;
				CLANG_ANALYZER_NUMBER_OBJECT_CONVERSION = YES_AGGRESSIVE;
				CLANG_CXX_LANGUAGE_STANDARD = "gnu++20";
				CLANG_ENABLE_MODULES = YES;
				CLANG_ENABLE_OBJC_ARC = YES;
				CLANG_ENABLE_OBJC_WEAK = YES;
				CLANG_WARN_BLOCK_CAPTURE_AUTORELEASING = YES;
				CLANG_WARN_BOOL_CONVERSION = YES;
				CLANG_WARN_COMMA = YES;
				CLANG_WARN_CONSTANT_CONVERSION = YES;
				CLANG_WARN_DEPRECATED_OBJC_IMPLEMENTATIONS = YES;
				CLANG_WARN_DIRECT_OBJC_ISA_USAGE = YES_ERROR;
				CLANG_WARN_DOCUMENTATION_COMMENTS = YES;
				CLANG_WARN_EMPTY_BODY = YES;
				CLANG_WARN_ENUM_CONVERSION = YES;
				CLANG_WARN_INFINITE_RECURSION = YES;
				CLANG_WARN_INT_CONVERSION = YES;
				CLANG_WARN_NON_LITERAL_NULL_CONVERSION = YES;
				CLANG_WARN_OBJC_IMPLICIT_RETAIN_SELF = YES;
				CLANG_WARN_OBJC_LITERAL_CONVERSION = YES;
				CLANG_WARN_OBJC_ROOT_CLASS = YES_ERROR;
				CLANG_WARN_QUOTED_INCLUDE_IN_FRAMEWORK_HEADER = YES;
				CLANG_WARN_RANGE_LOOP_ANALYSIS = YES;
				CLANG_WARN_STRICT_PROTOTYPES = YES;
				CLANG_WARN_SUSPICIOUS_MOVE = YES;
				CLANG_WARN_UNGUARDED_AVAILABILITY = YES_AGGRESSIVE;
				CLANG_WARN_UNREACHABLE_CODE = YES;
				CLANG_WARN__DUPLICATE_METHOD_MATCH = YES;
				COPY_PHASE_STRIP = NO;
				DEBUG_INFORMATION_FORMAT = "dwarf-with-dsym";
				ENABLE_NS_ASSERTIONS = NO;
				ENABLE_STRICT_OBJC_MSGSEND = YES;
				ENABLE_USER_SCRIPT_SANDBOXING = YES;
				GCC_C_LANGUAGE_STANDARD = gnu17;
				GCC_NO_COMMON_BLOCKS = YES;
				GCC_WARN_64_TO_32_BIT_CONVERSION = YES;
				GCC_WARN_ABOUT_RETURN_TYPE = YES_ERROR;
				GCC_WARN_UNDECLARED_SELECTOR = YES;
				GCC_WARN_UNINITIALIZED_AUTOS = YES_AGGRESSIVE;
				GCC_WARN_UNUSED_FUNCTION = YES;
				GCC_WARN_UNUSED_VARIABLE = YES;
				IPHONEOS_DEPLOYMENT_TARGET = 18.2;
				LOCALIZATION_PREFERS_STRING_CATALOGS = YES;
				MTL_ENABLE_DEBUG_INFO = NO;
				MTL_FAST_MATH = YES;
				SDKROOT = iphoneos;
				SWIFT_COMPILATION_MODE = wholemodule;
				VALIDATE_PRODUCT = YES;
			};
			name = Release;
		};
		B32E6D2D2DC9030C00A3D823 /* Debug */ = {
			isa = XCBuildConfiguration;
			buildSettings = {
				ASSETCATALOG_COMPILER_APPICON_NAME = AppIcon;
				ASSETCATALOG_COMPILER_GLOBAL_ACCENT_COLOR_NAME = AccentColor;
				CODE_SIGN_ENTITLEMENTS = FiveCoin/FiveCoin.entitlements;
				CODE_SIGN_STYLE = Automatic;
				CURRENT_PROJECT_VERSION = 1;
				DEVELOPMENT_ASSET_PATHS = "\"FiveCoin/Preview Content\"";
				DEVELOPMENT_TEAM = 7J2Z5HR7RB;
				ENABLE_PREVIEWS = YES;
				GENERATE_INFOPLIST_FILE = YES;
				INFOPLIST_KEY_UIApplicationSceneManifest_Generation = YES;
				INFOPLIST_KEY_UIApplicationSupportsIndirectInputEvents = YES;
				INFOPLIST_KEY_UILaunchScreen_Generation = YES;
				INFOPLIST_KEY_UISupportedInterfaceOrientations_iPad = "UIInterfaceOrientationPortrait UIInterfaceOrientationPortraitUpsideDown UIInterfaceOrientationLandscapeLeft UIInterfaceOrientationLandscapeRight";
				INFOPLIST_KEY_UISupportedInterfaceOrientations_iPhone = "UIInterfaceOrientationPortrait UIInterfaceOrientationLandscapeLeft UIInterfaceOrientationLandscapeRight";
				LD_RUNPATH_SEARCH_PATHS = (
					"$(inherited)",
					"@executable_path/Frameworks",
				);
				MARKETING_VERSION = 1.0;
				PRODUCT_BUNDLE_IDENTIFIER = Kaya.FiveCoin;
				PRODUCT_NAME = "$(TARGET_NAME)";
				SWIFT_EMIT_LOC_STRINGS = YES;
				SWIFT_VERSION = 5.0;
				TARGETED_DEVICE_FAMILY = "1,2";
			};
			name = Debug;
		};
		B32E6D2E2DC9030C00A3D823 /* Release */ = {
			isa = XCBuildConfiguration;
			buildSettings = {
				ASSETCATALOG_COMPILER_APPICON_NAME = AppIcon;
				ASSETCATALOG_COMPILER_GLOBAL_ACCENT_COLOR_NAME = AccentColor;
				CODE_SIGN_ENTITLEMENTS = FiveCoin/FiveCoin.entitlements;
				CODE_SIGN_STYLE = Automatic;
				CURRENT_PROJECT_VERSION = 1;
				DEVELOPMENT_ASSET_PATHS = "\"FiveCoin/Preview Content\"";
				DEVELOPMENT_TEAM = 7J2Z5HR7RB;
				ENABLE_PREVIEWS = YES;
				GENERATE_INFOPLIST_FILE = YES;
				INFOPLIST_KEY_UIApplicationSceneManifest_Generation = YES;
				INFOPLIST_KEY_UIApplicationSupportsIndirectInputEvents = YES;
				INFOPLIST_KEY_UILaunchScreen_Generation = YES;
				INFOPLIST_KEY_UISupportedInterfaceOrientations_iPad = "UIInterfaceOrientationPortrait UIInterfaceOrientationPortraitUpsideDown UIInterfaceOrientationLandscapeLeft UIInterfaceOrientationLandscapeRight";
				INFOPLIST_KEY_UISupportedInterfaceOrientations_iPhone = "UIInterfaceOrientationPortrait UIInterfaceOrientationLandscapeLeft UIInterfaceOrientationLandscapeRight";
				LD_RUNPATH_SEARCH_PATHS = (
					"$(inherited)",
					"@executable_path/Frameworks",
				);
				MARKETING_VERSION = 1.0;
				PRODUCT_BUNDLE_IDENTIFIER = Kaya.FiveCoin;
				PRODUCT_NAME = "$(TARGET_NAME)";
				SWIFT_EMIT_LOC_STRINGS = YES;
				SWIFT_VERSION = 5.0;
				TARGETED_DEVICE_FAMILY = "1,2";
			};
			name = Release;
		};
		B32E6D302DC9030C00A3D823 /* Debug */ = {
			isa = XCBuildConfiguration;
			buildSettings = {
				BUNDLE_LOADER = "$(TEST_HOST)";
				CODE_SIGN_STYLE = Automatic;
				CURRENT_PROJECT_VERSION = 1;
				DEVELOPMENT_TEAM = 7J2Z5HR7RB;
				GENERATE_INFOPLIST_FILE = YES;
				IPHONEOS_DEPLOYMENT_TARGET = 18.2;
				MARKETING_VERSION = 1.0;
				PRODUCT_BUNDLE_IDENTIFIER = Kaya.FiveCoinTests;
				PRODUCT_NAME = "$(TARGET_NAME)";
				SWIFT_EMIT_LOC_STRINGS = NO;
				SWIFT_VERSION = 5.0;
				TARGETED_DEVICE_FAMILY = "1,2";
				TEST_HOST = "$(BUILT_PRODUCTS_DIR)/FiveCoin.app/$(BUNDLE_EXECUTABLE_FOLDER_PATH)/FiveCoin";
			};
			name = Debug;
		};
		B32E6D312DC9030C00A3D823 /* Release */ = {
			isa = XCBuildConfiguration;
			buildSettings = {
				BUNDLE_LOADER = "$(TEST_HOST)";
				CODE_SIGN_STYLE = Automatic;
				CURRENT_PROJECT_VERSION = 1;
				DEVELOPMENT_TEAM = 7J2Z5HR7RB;
				GENERATE_INFOPLIST_FILE = YES;
				IPHONEOS_DEPLOYMENT_TARGET = 18.2;
				MARKETING_VERSION = 1.0;
				PRODUCT_BUNDLE_IDENTIFIER = Kaya.FiveCoinTests;
				PRODUCT_NAME = "$(TARGET_NAME)";
				SWIFT_EMIT_LOC_STRINGS = NO;
				SWIFT_VERSION = 5.0;
				TARGETED_DEVICE_FAMILY = "1,2";
				TEST_HOST = "$(BUILT_PRODUCTS_DIR)/FiveCoin.app/$(BUNDLE_EXECUTABLE_FOLDER_PATH)/FiveCoin";
			};
			name = Release;
		};
		B32E6D332DC9030C00A3D823 /* Debug */ = {
			isa = XCBuildConfiguration;
			buildSettings = {
				CODE_SIGN_STYLE = Automatic;
				CURRENT_PROJECT_VERSION = 1;
				DEVELOPMENT_TEAM = 7J2Z5HR7RB;
				GENERATE_INFOPLIST_FILE = YES;
				MARKETING_VERSION = 1.0;
				PRODUCT_BUNDLE_IDENTIFIER = Kaya.FiveCoinUITests;
				PRODUCT_NAME = "$(TARGET_NAME)";
				SWIFT_EMIT_LOC_STRINGS = NO;
				SWIFT_VERSION = 5.0;
				TARGETED_DEVICE_FAMILY = "1,2";
				TEST_TARGET_NAME = FiveCoin;
			};
			name = Debug;
		};
		B32E6D342DC9030C00A3D823 /* Release */ = {
			isa = XCBuildConfiguration;
			buildSettings = {
				CODE_SIGN_STYLE = Automatic;
				CURRENT_PROJECT_VERSION = 1;
				DEVELOPMENT_TEAM = 7J2Z5HR7RB;
				GENERATE_INFOPLIST_FILE = YES;
				MARKETING_VERSION = 1.0;
				PRODUCT_BUNDLE_IDENTIFIER = Kaya.FiveCoinUITests;
				PRODUCT_NAME = "$(TARGET_NAME)";
				SWIFT_EMIT_LOC_STRINGS = NO;
				SWIFT_VERSION = 5.0;
				TARGETED_DEVICE_FAMILY = "1,2";
				TEST_TARGET_NAME = FiveCoin;
			};
			name = Release;
		};
		B364B1562DD8C2FE0047C86E /* Debug */ = {
			isa = XCBuildConfiguration;
			buildSettings = {
				ASSETCATALOG_COMPILER_GLOBAL_ACCENT_COLOR_NAME = AccentColor;
				ASSETCATALOG_COMPILER_WIDGET_BACKGROUND_COLOR_NAME = WidgetBackground;
				CODE_SIGN_ENTITLEMENTS = FiveCoinWidgetExtension.entitlements;
				CODE_SIGN_STYLE = Automatic;
				CURRENT_PROJECT_VERSION = 1;
				DEVELOPMENT_TEAM = 7J2Z5HR7RB;
				GENERATE_INFOPLIST_FILE = YES;
				INFOPLIST_FILE = FiveCoinWidget/Info.plist;
				INFOPLIST_KEY_CFBundleDisplayName = FiveCoinWidget;
				INFOPLIST_KEY_NSHumanReadableCopyright = "";
				LD_RUNPATH_SEARCH_PATHS = (
					"$(inherited)",
					"@executable_path/Frameworks",
					"@executable_path/../../Frameworks",
				);
				MARKETING_VERSION = 1.0;
				PRODUCT_BUNDLE_IDENTIFIER = Kaya.FiveCoin.FiveCoinWidget;
				PRODUCT_NAME = "$(TARGET_NAME)";
				SKIP_INSTALL = YES;
				SWIFT_EMIT_LOC_STRINGS = YES;
				SWIFT_VERSION = 5.0;
				TARGETED_DEVICE_FAMILY = "1,2";
			};
			name = Debug;
		};
		B364B1572DD8C2FE0047C86E /* Release */ = {
			isa = XCBuildConfiguration;
			buildSettings = {
				ASSETCATALOG_COMPILER_GLOBAL_ACCENT_COLOR_NAME = AccentColor;
				ASSETCATALOG_COMPILER_WIDGET_BACKGROUND_COLOR_NAME = WidgetBackground;
				CODE_SIGN_ENTITLEMENTS = FiveCoinWidgetExtension.entitlements;
				CODE_SIGN_STYLE = Automatic;
				CURRENT_PROJECT_VERSION = 1;
				DEVELOPMENT_TEAM = 7J2Z5HR7RB;
				GENERATE_INFOPLIST_FILE = YES;
				INFOPLIST_FILE = FiveCoinWidget/Info.plist;
				INFOPLIST_KEY_CFBundleDisplayName = FiveCoinWidget;
				INFOPLIST_KEY_NSHumanReadableCopyright = "";
				LD_RUNPATH_SEARCH_PATHS = (
					"$(inherited)",
					"@executable_path/Frameworks",
					"@executable_path/../../Frameworks",
				);
				MARKETING_VERSION = 1.0;
				PRODUCT_BUNDLE_IDENTIFIER = Kaya.FiveCoin.FiveCoinWidget;
				PRODUCT_NAME = "$(TARGET_NAME)";
				SKIP_INSTALL = YES;
				SWIFT_EMIT_LOC_STRINGS = YES;
				SWIFT_VERSION = 5.0;
				TARGETED_DEVICE_FAMILY = "1,2";
			};
			name = Release;
		};
/* End XCBuildConfiguration section */

/* Begin XCConfigurationList section */
		B32E6D032DC9030B00A3D823 /* Build configuration list for PBXProject "FiveCoin" */ = {
			isa = XCConfigurationList;
			buildConfigurations = (
				B32E6D2A2DC9030C00A3D823 /* Debug */,
				B32E6D2B2DC9030C00A3D823 /* Release */,
			);
			defaultConfigurationIsVisible = 0;
			defaultConfigurationName = Release;
		};
		B32E6D2C2DC9030C00A3D823 /* Build configuration list for PBXNativeTarget "FiveCoin" */ = {
			isa = XCConfigurationList;
			buildConfigurations = (
				B32E6D2D2DC9030C00A3D823 /* Debug */,
				B32E6D2E2DC9030C00A3D823 /* Release */,
			);
			defaultConfigurationIsVisible = 0;
			defaultConfigurationName = Release;
		};
		B32E6D2F2DC9030C00A3D823 /* Build configuration list for PBXNativeTarget "FiveCoinTests" */ = {
			isa = XCConfigurationList;
			buildConfigurations = (
				B32E6D302DC9030C00A3D823 /* Debug */,
				B32E6D312DC9030C00A3D823 /* Release */,
			);
			defaultConfigurationIsVisible = 0;
			defaultConfigurationName = Release;
		};
		B32E6D322DC9030C00A3D823 /* Build configuration list for PBXNativeTarget "FiveCoinUITests" */ = {
			isa = XCConfigurationList;
			buildConfigurations = (
				B32E6D332DC9030C00A3D823 /* Debug */,
				B32E6D342DC9030C00A3D823 /* Release */,
			);
			defaultConfigurationIsVisible = 0;
			defaultConfigurationName = Release;
		};
		B364B1552DD8C2FE0047C86E /* Build configuration list for PBXNativeTarget "FiveCoinWidgetExtension" */ = {
			isa = XCConfigurationList;
			buildConfigurations = (
				B364B1562DD8C2FE0047C86E /* Debug */,
				B364B1572DD8C2FE0047C86E /* Release */,
			);
			defaultConfigurationIsVisible = 0;
			defaultConfigurationName = Release;
		};
/* End XCConfigurationList section */
	};
	rootObject = B32E6D002DC9030B00A3D823 /* Project object */;
}
